
Microsoft Visual Studio Solution File, Format Version 12.00
# Visual Studio Version 16
VisualStudioVersion = 25.0.1706.7
MinimumVisualStudioVersion = 10.0.40219.1
Project("{FAE04EC0-301F-11D3-BF4B-00C04F79EFBC}") = "TrueOrFalse", "TrueOrFalse\TrueOrFalse.csproj", "{AD97160F-7759-42D6-BBEA-23AD170B27E3}"
EndProject
Project("{2150E333-8FDC-42A3-9474-1A3956D46DE8}") = "Solution Items", "Solution Items", "{4AD441EC-1AC9-49E3-ABFF-1295D4C37A4E}"
	ProjectSection(SolutionItems) = preProject
		.editorconfig = .editorconfig
	EndProjectSection
EndProject
Global
	GlobalSection(SolutionConfigurationPlatforms) = preSolution
		Debug|Any CPU = Debug|Any CPU
		Release|Any CPU = Release|Any CPU
	EndGlobalSection
	GlobalSection(ProjectConfigurationPlatforms) = postSolution
		{AD97160F-7759-42D6-BBEA-23AD170B27E3}.Debug|Any CPU.ActiveCfg = Debug|Any CPU
		{AD97160F-7759-42D6-BBEA-23AD170B27E3}.Debug|Any CPU.Build.0 = Debug|Any CPU
		{AD97160F-7759-42D6-BBEA-23AD170B27E3}.Release|Any CPU.ActiveCfg = Release|Any CPU
		{AD97160F-7759-42D6-BBEA-23AD170B27E3}.Release|Any CPU.Build.0 = Release|Any CPU
	EndGlobalSection
	GlobalSection(SolutionProperties) = preSolution
		HideSolutionNode = FALSE
	EndGlobalSection
	GlobalSection(ExtensibilityGlobals) = postSolution
		SolutionGuid = {8FBAF4E1-9C85-40EC-94EC-1BFBB007B9D4}
	EndGlobalSection
EndGlobal
